{
<<<<<<< HEAD
  "name": "node",
  "version": "1.0.0",
  "lockfileVersion": 3,
  "requires": true,
  "packages": {
    "": {
      "name": "node",
      "version": "1.0.0",
      "license": "ISC"
    }
  }
=======
  "name": "NODE",
  "lockfileVersion": 3,
  "requires": true,
  "packages": {}
>>>>>>> c38de7e0304343adf96d4c61e44158a4cd41ef05
}
